
Microsoft Visual Studio Solution File, Format Version 12.00
# Visual Studio Version 17
VisualStudioVersion = 17.9.34714.143
MinimumVisualStudioVersion = 10.0.40219.1
Project("{FAE04EC0-301F-11D3-BF4B-00C04F79EFBC}") = "Part3", "Part3.csproj", "{2F6496A8-1958-4DD3-AFA4-65D42315D3FE}"
EndProject
Global
	GlobalSection(SolutionConfigurationPlatforms) = preSolution
		Debug|Any CPU = Debug|Any CPU
		Release|Any CPU = Release|Any CPU
	EndGlobalSection
	GlobalSection(ProjectConfigurationPlatforms) = postSolution
		{2F6496A8-1958-4DD3-AFA4-65D42315D3FE}.Debug|Any CPU.ActiveCfg = Debug|Any CPU
		{2F6496A8-1958-4DD3-AFA4-65D42315D3FE}.Debug|Any CPU.Build.0 = Debug|Any CPU
		{2F6496A8-1958-4DD3-AFA4-65D42315D3FE}.Release|Any CPU.ActiveCfg = Release|Any CPU
		{2F6496A8-1958-4DD3-AFA4-65D42315D3FE}.Release|Any CPU.Build.0 = Release|Any CPU
	EndGlobalSection
	GlobalSection(SolutionProperties) = preSolution
		HideSolutionNode = FALSE
	EndGlobalSection
	GlobalSection(ExtensibilityGlobals) = postSolution
		SolutionGuid = {048CD290-B934-4145-A7DD-629C6CFDE260}
	EndGlobalSection
EndGlobal
